// !$*UTF8*$!
{
	archiveVersion = 1;
	classes = {
	};
	objectVersion = 46;
	objects = {

/* Begin PBXBuildFile section */
		462B98E6A37528B2791CB1F5B947B350 /* Pods-Allset-dummy.m in Sources */ = {isa = PBXBuildFile; fileRef = F3C0B88D17E7D81468E3DFC729B83A09 /* Pods-Allset-dummy.m */; };
		664717E0F2A23FB700112FD3D37AA4AC /* Foundation.framework in Frameworks */ = {isa = PBXBuildFile; fileRef = 6604A7D69453B4569E4E4827FB9155A9 /* Foundation.framework */; };
		D1C1F74BBCA41361ADCAD4CA4CB053D3 /* Pods-Allset-umbrella.h in Headers */ = {isa = PBXBuildFile; fileRef = E4C8E7528FCE7D8ACCDD3B9039691A90 /* Pods-Allset-umbrella.h */; settings = {ATTRIBUTES = (Public, ); }; };
/* End PBXBuildFile section */

/* Begin PBXFileReference section */
		0C5C7DC3A95535EC6901E9ABC6078549 /* Pods-Allset-frameworks.sh */ = {isa = PBXFileReference; includeInIndex = 1; lastKnownFileType = text.script.sh; path = "Pods-Allset-frameworks.sh"; sourceTree = "<group>"; };
		301A98FF06A57DF7C6D0D0E322BEC45D /* Info.plist */ = {isa = PBXFileReference; includeInIndex = 1; lastKnownFileType = text.plist.xml; path = Info.plist; sourceTree = "<group>"; };
		6604A7D69453B4569E4E4827FB9155A9 /* Foundation.framework */ = {isa = PBXFileReference; lastKnownFileType = wrapper.framework; name = Foundation.framework; path = Platforms/iPhoneOS.platform/Developer/SDKs/iPhoneOS10.3.sdk/System/Library/Frameworks/Foundation.framework; sourceTree = DEVELOPER_DIR; };
		70BA80465BB429090405C1D566C46E29 /* Pods-Allset.modulemap */ = {isa = PBXFileReference; includeInIndex = 1; lastKnownFileType = "sourcecode.module-map"; path = "Pods-Allset.modulemap"; sourceTree = "<group>"; };
		7373B20958960022951AE6B0C9B7CF8A /* Pods-Allset.release.xcconfig */ = {isa = PBXFileReference; includeInIndex = 1; lastKnownFileType = text.xcconfig; path = "Pods-Allset.release.xcconfig"; sourceTree = "<group>"; };
		824846A33B9F493DCCCAA6A0DE1B5625 /* Pods-Allset-acknowledgements.plist */ = {isa = PBXFileReference; includeInIndex = 1; lastKnownFileType = text.plist.xml; path = "Pods-Allset-acknowledgements.plist"; sourceTree = "<group>"; };
		93A4A3777CF96A4AAC1D13BA6DCCEA73 /* Podfile */ = {isa = PBXFileReference; explicitFileType = text.script.ruby; includeInIndex = 1; name = Podfile; path = ../Podfile; sourceTree = SOURCE_ROOT; xcLanguageSpecificationIdentifier = xcode.lang.ruby; };
		B57667137A01D2708AAFBFFDC5CC85D9 /* Pods-Allset-resources.sh */ = {isa = PBXFileReference; includeInIndex = 1; lastKnownFileType = text.script.sh; path = "Pods-Allset-resources.sh"; sourceTree = "<group>"; };
		CC409110533E254A205FA638493D47FA /* Pods-Allset-acknowledgements.markdown */ = {isa = PBXFileReference; includeInIndex = 1; lastKnownFileType = text; path = "Pods-Allset-acknowledgements.markdown"; sourceTree = "<group>"; };
		E4C8E7528FCE7D8ACCDD3B9039691A90 /* Pods-Allset-umbrella.h */ = {isa = PBXFileReference; includeInIndex = 1; lastKnownFileType = sourcecode.c.h; path = "Pods-Allset-umbrella.h"; sourceTree = "<group>"; };
		E9095B2CFC7F73D9A613774C594A26FD /* Pods_Allset.framework */ = {isa = PBXFileReference; explicitFileType = wrapper.framework; includeInIndex = 0; path = Pods_Allset.framework; sourceTree = BUILT_PRODUCTS_DIR; };
		F3AC331E52CC9DEC0560FF5E7E0C8384 /* Pods-Allset.debug.xcconfig */ = {isa = PBXFileReference; includeInIndex = 1; lastKnownFileType = text.xcconfig; path = "Pods-Allset.debug.xcconfig"; sourceTree = "<group>"; };
		F3C0B88D17E7D81468E3DFC729B83A09 /* Pods-Allset-dummy.m */ = {isa = PBXFileReference; includeInIndex = 1; lastKnownFileType = sourcecode.c.objc; path = "Pods-Allset-dummy.m"; sourceTree = "<group>"; };
/* End PBXFileReference section */

/* Begin PBXFrameworksBuildPhase section */
		AD10D0A2DFD240680F9761774B434048 /* Frameworks */ = {
			isa = PBXFrameworksBuildPhase;
			buildActionMask = 2147483647;
			files = (
				664717E0F2A23FB700112FD3D37AA4AC /* Foundation.framework in Frameworks */,
			);
			runOnlyForDeploymentPostprocessing = 0;
		};
/* End PBXFrameworksBuildPhase section */

/* Begin PBXGroup section */
		649B2A4984BB9AAD2A08EEAECDD2B555 /* Pods-Allset */ = {
			isa = PBXGroup;
			children = (
				301A98FF06A57DF7C6D0D0E322BEC45D /* Info.plist */,
				70BA80465BB429090405C1D566C46E29 /* Pods-Allset.modulemap */,
				CC409110533E254A205FA638493D47FA /* Pods-Allset-acknowledgements.markdown */,
				824846A33B9F493DCCCAA6A0DE1B5625 /* Pods-Allset-acknowledgements.plist */,
				F3C0B88D17E7D81468E3DFC729B83A09 /* Pods-Allset-dummy.m */,
				0C5C7DC3A95535EC6901E9ABC6078549 /* Pods-Allset-frameworks.sh */,
				B57667137A01D2708AAFBFFDC5CC85D9 /* Pods-Allset-resources.sh */,
				E4C8E7528FCE7D8ACCDD3B9039691A90 /* Pods-Allset-umbrella.h */,
				F3AC331E52CC9DEC0560FF5E7E0C8384 /* Pods-Allset.debug.xcconfig */,
				7373B20958960022951AE6B0C9B7CF8A /* Pods-Allset.release.xcconfig */,
			);
			name = "Pods-Allset";
			path = "Target Support Files/Pods-Allset";
			sourceTree = "<group>";
		};
		7DB346D0F39D3F0E887471402A8071AB = {
			isa = PBXGroup;
			children = (
				93A4A3777CF96A4AAC1D13BA6DCCEA73 /* Podfile */,
				BC3CA7F9E30CC8F7E2DD044DD34432FC /* Frameworks */,
				E9AACD578D272CF4A6E8DD5A7CA91F1A /* Products */,
				8E9B2B2903F7C7EE884B6CBA14AFD424 /* Targets Support Files */,
			);
			sourceTree = "<group>";
		};
		8E9B2B2903F7C7EE884B6CBA14AFD424 /* Targets Support Files */ = {
			isa = PBXGroup;
			children = (
				649B2A4984BB9AAD2A08EEAECDD2B555 /* Pods-Allset */,
			);
			name = "Targets Support Files";
			sourceTree = "<group>";
		};
		BC3CA7F9E30CC8F7E2DD044DD34432FC /* Frameworks */ = {
			isa = PBXGroup;
			children = (
				D35AF013A5F0BAD4F32504907A52519E /* iOS */,
			);
			name = Frameworks;
			sourceTree = "<group>";
		};
		D35AF013A5F0BAD4F32504907A52519E /* iOS */ = {
			isa = PBXGroup;
			children = (
				6604A7D69453B4569E4E4827FB9155A9 /* Foundation.framework */,
			);
			name = iOS;
			sourceTree = "<group>";
		};
		E9AACD578D272CF4A6E8DD5A7CA91F1A /* Products */ = {
			isa = PBXGroup;
			children = (
				E9095B2CFC7F73D9A613774C594A26FD /* Pods_Allset.framework */,
			);
			name = Products;
			sourceTree = "<group>";
		};
/* End PBXGroup section */

/* Begin PBXHeadersBuildPhase section */
		4179295875F86BA1917F36F837B04708 /* Headers */ = {
			isa = PBXHeadersBuildPhase;
			buildActionMask = 2147483647;
			files = (
				D1C1F74BBCA41361ADCAD4CA4CB053D3 /* Pods-Allset-umbrella.h in Headers */,
			);
			runOnlyForDeploymentPostprocessing = 0;
		};
/* End PBXHeadersBuildPhase section */

/* Begin PBXNativeTarget section */
		F2E5DC20B4B30F36EA2E4AB51D8DC818 /* Pods-Allset */ = {
			isa = PBXNativeTarget;
			buildConfigurationList = EDA862765516EA2693B5E6860773B6D1 /* Build configuration list for PBXNativeTarget "Pods-Allset" */;
			buildPhases = (
				46FD346F0A50BD3716435E9726DCC2A5 /* Sources */,
				AD10D0A2DFD240680F9761774B434048 /* Frameworks */,
				4179295875F86BA1917F36F837B04708 /* Headers */,
			);
			buildRules = (
			);
			dependencies = (
			);
			name = "Pods-Allset";
			productName = "Pods-Allset";
			productReference = E9095B2CFC7F73D9A613774C594A26FD /* Pods_Allset.framework */;
			productType = "com.apple.product-type.framework";
		};
/* End PBXNativeTarget section */

/* Begin PBXProject section */
		D41D8CD98F00B204E9800998ECF8427E /* Project object */ = {
			isa = PBXProject;
			attributes = {
				LastSwiftUpdateCheck = 0830;
				LastUpgradeCheck = 0900;
			};
			buildConfigurationList = 2D8E8EC45A3A1A1D94AE762CB5028504 /* Build configuration list for PBXProject "Pods" */;
			compatibilityVersion = "Xcode 3.2";
			developmentRegion = English;
			hasScannedForEncodings = 0;
			knownRegions = (
				en,
			);
			mainGroup = 7DB346D0F39D3F0E887471402A8071AB;
			productRefGroup = E9AACD578D272CF4A6E8DD5A7CA91F1A /* Products */;
			projectDirPath = "";
			projectRoot = "";
			targets = (
				F2E5DC20B4B30F36EA2E4AB51D8DC818 /* Pods-Allset */,
			);
		};
/* End PBXProject section */

/* Begin PBXSourcesBuildPhase section */
		46FD346F0A50BD3716435E9726DCC2A5 /* Sources */ = {
			isa = PBXSourcesBuildPhase;
			buildActionMask = 2147483647;
			files = (
				462B98E6A37528B2791CB1F5B947B350 /* Pods-Allset-dummy.m in Sources */,
			);
			runOnlyForDeploymentPostprocessing = 0;
		};
/* End PBXSourcesBuildPhase section */

/* Begin XCBuildConfiguration section */
		643C76AA582046977B7877822ED7A258 /* Debug */ = {
			isa = XCBuildConfiguration;
			buildSettings = {
				ALWAYS_SEARCH_USER_PATHS = NO;
				CLANG_ANALYZER_NONNULL = YES;
				CLANG_ANALYZER_NUMBER_OBJECT_CONVERSION = YES;
				CLANG_CXX_LANGUAGE_STANDARD = "gnu++0x";
				CLANG_CXX_LIBRARY = "libc++";
				CLANG_ENABLE_MODULES = YES;
				CLANG_ENABLE_OBJC_ARC = YES;
				CLANG_WARN_BLOCK_CAPTURE_AUTORELEASING = YES;
				CLANG_WARN_BOOL_CONVERSION = YES;
				CLANG_WARN_COMMA = YES;
				CLANG_WARN_CONSTANT_CONVERSION = YES;
				CLANG_WARN_DIRECT_OBJC_ISA_USAGE = YES;
				CLANG_WARN_DOCUMENTATION_COMMENTS = YES;
				CLANG_WARN_EMPTY_BODY = YES;
				CLANG_WARN_ENUM_CONVERSION = YES;
				CLANG_WARN_INFINITE_RECURSION = YES;
				CLANG_WARN_INT_CONVERSION = YES;
				CLANG_WARN_NON_LITERAL_NULL_CONVERSION = YES;
				CLANG_WARN_OBJC_LITERAL_CONVERSION = YES;
				CLANG_WARN_OBJC_ROOT_CLASS = YES;
				CLANG_WARN_RANGE_LOOP_ANALYSIS = YES;
				CLANG_WARN_STRICT_PROTOTYPES = YES;
				CLANG_WARN_SUSPICIOUS_MOVE = YES;
				CLANG_WARN_UNREACHABLE_CODE = YES;
				CLANG_WARN__DUPLICATE_METHOD_MATCH = YES;
				CODE_SIGNING_REQUIRED = NO;
				COPY_PHASE_STRIP = NO;
				ENABLE_STRICT_OBJC_MSGSEND = YES;
				ENABLE_TESTABILITY = YES;
				GCC_C_LANGUAGE_STANDARD = gnu99;
				GCC_DYNAMIC_NO_PIC = NO;
				GCC_NO_COMMON_BLOCKS = YES;
				GCC_OPTIMIZATION_LEVEL = 0;
				GCC_PREPROCESSOR_DEFINITIONS = (
					"POD_CONFIGURATION_DEBUG=1",
					"DEBUG=1",
					"$(inherited)",
				);
				GCC_SYMBOLS_PRIVATE_EXTERN = NO;
				GCC_WARN_64_TO_32_BIT_CONVERSION = YES;
				GCC_WARN_ABOUT_RETURN_TYPE = YES;
				GCC_WARN_UNDECLARED_SELECTOR = YES;
				GCC_WARN_UNINITIALIZED_AUTOS = YES;
				GCC_WARN_UNUSED_FUNCTION = YES;
				GCC_WARN_UNUSED_VARIABLE = YES;
				IPHONEOS_DEPLOYMENT_TARGET = 10.0;
				ONLY_ACTIVE_ARCH = YES;
				PROVISIONING_PROFILE_SPECIFIER = NO_SIGNING/;
				STRIP_INSTALLED_PRODUCT = NO;
				SYMROOT = "${SRCROOT}/../build";
			};
			name = Debug;
		};
		7BB966A316DCD540F59C48DC426FC23D /* Release */ = {
			isa = XCBuildConfiguration;
			baseConfigurationReference = 7373B20958960022951AE6B0C9B7CF8A /* Pods-Allset.release.xcconfig */;
			buildSettings = {
				CODE_SIGN_IDENTITY = "";
				"CODE_SIGN_IDENTITY[sdk=appletvos*]" = "";
				"CODE_SIGN_IDENTITY[sdk=iphoneos*]" = "";
				"CODE_SIGN_IDENTITY[sdk=watchos*]" = "";
				CURRENT_PROJECT_VERSION = 1;
				DEBUG_INFORMATION_FORMAT = "dwarf-with-dsym";
				DEFINES_MODULE = YES;
				DYLIB_COMPATIBILITY_VERSION = 1;
				DYLIB_CURRENT_VERSION = 1;
				DYLIB_INSTALL_NAME_BASE = "@rpath";
				ENABLE_STRICT_OBJC_MSGSEND = YES;
				GCC_NO_COMMON_BLOCKS = YES;
				INFOPLIST_FILE = "Target Support Files/Pods-Allset/Info.plist";
				INSTALL_PATH = "$(LOCAL_LIBRARY_DIR)/Frameworks";
				IPHONEOS_DEPLOYMENT_TARGET = 10.0;
				LD_RUNPATH_SEARCH_PATHS = "$(inherited) @executable_path/Frameworks @loader_path/Frameworks";
				MACH_O_TYPE = staticlib;
				MODULEMAP_FILE = "Target Support Files/Pods-Allset/Pods-Allset.modulemap";
				MTL_ENABLE_DEBUG_INFO = NO;
				OTHER_LDFLAGS = "";
				OTHER_LIBTOOLFLAGS = "";
				PODS_ROOT = "$(SRCROOT)";
				PRODUCT_BUNDLE_IDENTIFIER = "org.cocoapods.${PRODUCT_NAME:rfc1034identifier}";
				PRODUCT_NAME = Pods_Allset;
				SDKROOT = iphoneos;
				SKIP_INSTALL = YES;
				TARGETED_DEVICE_FAMILY = "1,2";
				VERSIONING_SYSTEM = "apple-generic";
				VERSION_INFO_PREFIX = "";
			};
			name = Release;
		};
		B7DE5A05E5EBCEEBEBD9594F1F1A810F /* Debug */ = {
			isa = XCBuildConfiguration;
			baseConfigurationReference = F3AC331E52CC9DEC0560FF5E7E0C8384 /* Pods-Allset.debug.xcconfig */;
			buildSettings = {
				CODE_SIGN_IDENTITY = "";
				"CODE_SIGN_IDENTITY[sdk=appletvos*]" = "";
				"CODE_SIGN_IDENTITY[sdk=iphoneos*]" = "";
				"CODE_SIGN_IDENTITY[sdk=watchos*]" = "";
				CURRENT_PROJECT_VERSION = 1;
				DEBUG_INFORMATION_FORMAT = dwarf;
				DEFINES_MODULE = YES;
				DYLIB_COMPATIBILITY_VERSION = 1;
				DYLIB_CURRENT_VERSION = 1;
				DYLIB_INSTALL_NAME_BASE = "@rpath";
				ENABLE_STRICT_OBJC_MSGSEND = YES;
				GCC_NO_COMMON_BLOCKS = YES;
				INFOPLIST_FILE = "Target Support Files/Pods-Allset/Info.plist";
				INSTALL_PATH = "$(LOCAL_LIBRARY_DIR)/Frameworks";
				IPHONEOS_DEPLOYMENT_TARGET = 10.0;
				LD_RUNPATH_SEARCH_PATHS = "$(inherited) @executable_path/Frameworks @loader_path/Frameworks";
				MACH_O_TYPE = staticlib;
				MODULEMAP_FILE = "Target Support Files/Pods-Allset/Pods-Allset.modulemap";
				MTL_ENABLE_DEBUG_INFO = YES;
				OTHER_LDFLAGS = "";
				OTHER_LIBTOOLFLAGS = "";
				PODS_ROOT = "$(SRCROOT)";
				PRODUCT_BUNDLE_IDENTIFIER = "org.cocoapods.${PRODUCT_NAME:rfc1034identifier}";
				PRODUCT_NAME = Pods_Allset;
				SDKROOT = iphoneos;
				SKIP_INSTALL = YES;
				TARGETED_DEVICE_FAMILY = "1,2";
				VERSIONING_SYSTEM = "apple-generic";
				VERSION_INFO_PREFIX = "";
			};
			name = Debug;
		};
		C03B8870130C98D1B02B59D003687524 /* Release */ = {
			isa = XCBuildConfiguration;
			buildSettings = {
				ALWAYS_SEARCH_USER_PATHS = NO;
				CLANG_ANALYZER_NONNULL = YES;
				CLANG_ANALYZER_NUMBER_OBJECT_CONVERSION = YES;
				CLANG_CXX_LANGUAGE_STANDARD = "gnu++0x";
				CLANG_CXX_LIBRARY = "libc++";
				CLANG_ENABLE_MODULES = YES;
				CLANG_ENABLE_OBJC_ARC = YES;
				CLANG_WARN_BLOCK_CAPTURE_AUTORELEASING = YES;
				CLANG_WARN_BOOL_CONVERSION = YES;
				CLANG_WARN_COMMA = YES;
				CLANG_WARN_CONSTANT_CONVERSION = YES;
				CLANG_WARN_DIRECT_OBJC_ISA_USAGE = YES;
				CLANG_WARN_DOCUMENTATION_COMMENTS = YES;
				CLANG_WARN_EMPTY_BODY = YES;
				CLANG_WARN_ENUM_CONVERSION = YES;
				CLANG_WARN_INFINITE_RECURSION = YES;
				CLANG_WARN_INT_CONVERSION = YES;
				CLANG_WARN_NON_LITERAL_NULL_CONVERSION = YES;
				CLANG_WARN_OBJC_LITERAL_CONVERSION = YES;
				CLANG_WARN_OBJC_ROOT_CLASS = YES;
				CLANG_WARN_RANGE_LOOP_ANALYSIS = YES;
				CLANG_WARN_STRICT_PROTOTYPES = YES;
				CLANG_WARN_SUSPICIOUS_MOVE = YES;
				CLANG_WARN_UNREACHABLE_CODE = YES;
				CLANG_WARN__DUPLICATE_METHOD_MATCH = YES;
				CODE_SIGNING_REQUIRED = NO;
				COPY_PHASE_STRIP = YES;
				ENABLE_NS_ASSERTIONS = NO;
				ENABLE_STRICT_OBJC_MSGSEND = YES;
				GCC_C_LANGUAGE_STANDARD = gnu99;
				GCC_NO_COMMON_BLOCKS = YES;
				GCC_PREPROCESSOR_DEFINITIONS = (
					"POD_CONFIGURATION_RELEASE=1",
					"$(inherited)",
				);
				GCC_WARN_64_TO_32_BIT_CONVERSION = YES;
				GCC_WARN_ABOUT_RETURN_TYPE = YES;
				GCC_WARN_UNDECLARED_SELECTOR = YES;
				GCC_WARN_UNINITIALIZED_AUTOS = YES;
				GCC_WARN_UNUSED_FUNCTION = YES;
				GCC_WARN_UNUSED_VARIABLE = YES;
				IPHONEOS_DEPLOYMENT_TARGET = 10.0;
				PROVISIONING_PROFILE_SPECIFIER = NO_SIGNING/;
				STRIP_INSTALLED_PRODUCT = NO;
				SYMROOT = "${SRCROOT}/../build";
				VALIDATE_PRODUCT = YES;
			};
			name = Release;
		};
/* End XCBuildConfiguration section */

/* Begin XCConfigurationList section */
		2D8E8EC45A3A1A1D94AE762CB5028504 /* Build configuration list for PBXProject "Pods" */ = {
			isa = XCConfigurationList;
			buildConfigurations = (
				643C76AA582046977B7877822ED7A258 /* Debug */,
				C03B8870130C98D1B02B59D003687524 /* Release */,
			);
			defaultConfigurationIsVisible = 0;
			defaultConfigurationName = Release;
		};
		EDA862765516EA2693B5E6860773B6D1 /* Build configuration list for PBXNativeTarget "Pods-Allset" */ = {
			isa = XCConfigurationList;
			buildConfigurations = (
				B7DE5A05E5EBCEEBEBD9594F1F1A810F /* Debug */,
				7BB966A316DCD540F59C48DC426FC23D /* Release */,
			);
			defaultConfigurationIsVisible = 0;
			defaultConfigurationName = Release;
		};
/* End XCConfigurationList section */
	};
	rootObject = D41D8CD98F00B204E9800998ECF8427E /* Project object */;
}
